PODS:
  - EMVoiceConvert (0.1.0)
  - Flutter (1.0.0)
  - "permission_handler (5.0.1+1)":
    - Flutter
  - record_amr (0.0.1):
    - EMVoiceConvert (= 0.1.0)
    - Flutter

DEPENDENCIES:
  - Flutter (from `Flutter`)
  - permission_handler (from `.symlinks/plugins/permission_handler/ios`)
  - record_amr (from `.symlinks/plugins/record_amr/ios`)

SPEC REPOS:
  trunk:
    - EMVoiceConvert

EXTERNAL SOURCES:
  Flutter:
    :path: Flutter
  permission_handler:
    :path: ".symlinks/plugins/permission_handler/ios"
  record_amr:
    :path: ".symlinks/plugins/record_amr/ios"

SPEC CHECKSUMS:
  EMVoiceConvert: 32a0eaada94d93c151a5abd53ee174cd4e63b01f
  Flutter: 0e3d915762c693b495b44d77113d4970485de6ec
  permission_handler: eac8e15b4a1a3fba55b761d19f3f4e6b005d15b6
  record_amr: 410f0009c067e6e9474475492802cad3058b6e52

PODFILE CHECKSUM: b1f7a399522c118a74b177b13c01eca692aa7e6d

COCOAPODS: 1.10.0
